{
  "name": "remix-get-started",
  "lockfileVersion": 2,
  "requires": true,
  "packages": {
    "": {
      "dependencies": {
        "@prisma/client": "^4.3.1",
        "bcryptjs": "^2.4.3"
      },
      "devDependencies": {
        "@types/bcryptjs": "^2.4.2"
      }
    },
    "node_modules/@prisma/client": {
      "version": "4.3.1",
      "resolved": "https://registry.npmjs.org/@prisma/client/-/client-4.3.1.tgz",
      "integrity": "sha512-FA0/d1VMJNWqzU7WVWTNWJ+lGOLR9JUBnF73GdIPAEVo/6dWk4gHx0EmgeU+SMv4MZoxgOeTBJF2azhg7x0hMw==",
      "hasInstallScript": true,
      "dependencies": {
        "@prisma/engines-version": "4.3.0-32.c875e43600dfe042452e0b868f7a48b817b9640b"
      },
      "engines": {
        "node": ">=14.17"
      },
      "peerDependencies": {
        "prisma": "*"
      },
      "peerDependenciesMeta": {
        "prisma": {
          "optional": true
        }
      }
    },
    "node_modules/@prisma/engines-version": {
      "version": "4.3.0-32.c875e43600dfe042452e0b868f7a48b817b9640b",
      "resolved": "https://registry.npmjs.org/@prisma/engines-version/-/engines-version-4.3.0-32.c875e43600dfe042452e0b868f7a48b817b9640b.tgz",
      "integrity": "sha512-8yWpXkQRmiSfsi2Wb/ZS5D3RFbeu/btL9Pm/gdF4phB0Lo5KGsDFMxFMgaD64mwED2nHc8ZaEJg/+4Jymb9Znw=="
    },
    "node_modules/@types/bcryptjs": {
      "version": "2.4.2",
      "resolved": "https://registry.npmjs.org/@types/bcryptjs/-/bcryptjs-2.4.2.tgz",
      "integrity": "sha512-LiMQ6EOPob/4yUL66SZzu6Yh77cbzJFYll+ZfaPiPPFswtIlA/Fs1MzdKYA7JApHU49zQTbJGX3PDmCpIdDBRQ==",
      "dev": true
    },
    "node_modules/bcryptjs": {
      "version": "2.4.3",
      "resolved": "https://registry.npmjs.org/bcryptjs/-/bcryptjs-2.4.3.tgz",
      "integrity": "sha512-V/Hy/X9Vt7f3BbPJEi8BdVFMByHi+jNXrYkW3huaybV/kQ0KJg0Y6PkEMbn+zeT+i+SiKZ/HMqJGIIt4LZDqNQ=="
    }
  },
  "dependencies": {
    "@prisma/client": {
      "version": "4.3.1",
      "resolved": "https://registry.npmjs.org/@prisma/client/-/client-4.3.1.tgz",
      "integrity": "sha512-FA0/d1VMJNWqzU7WVWTNWJ+lGOLR9JUBnF73GdIPAEVo/6dWk4gHx0EmgeU+SMv4MZoxgOeTBJF2azhg7x0hMw==",
      "requires": {
        "@prisma/engines-version": "4.3.0-32.c875e43600dfe042452e0b868f7a48b817b9640b"
      }
    },
    "@prisma/engines-version": {
      "version": "4.3.0-32.c875e43600dfe042452e0b868f7a48b817b9640b",
      "resolved": "https://registry.npmjs.org/@prisma/engines-version/-/engines-version-4.3.0-32.c875e43600dfe042452e0b868f7a48b817b9640b.tgz",
      "integrity": "sha512-8yWpXkQRmiSfsi2Wb/ZS5D3RFbeu/btL9Pm/gdF4phB0Lo5KGsDFMxFMgaD64mwED2nHc8ZaEJg/+4Jymb9Znw=="
    },
    "@types/bcryptjs": {
      "version": "2.4.2",
      "resolved": "https://registry.npmjs.org/@types/bcryptjs/-/bcryptjs-2.4.2.tgz",
      "integrity": "sha512-LiMQ6EOPob/4yUL66SZzu6Yh77cbzJFYll+ZfaPiPPFswtIlA/Fs1MzdKYA7JApHU49zQTbJGX3PDmCpIdDBRQ==",
      "dev": true
    },
    "bcryptjs": {
      "version": "2.4.3",
      "resolved": "https://registry.npmjs.org/bcryptjs/-/bcryptjs-2.4.3.tgz",
      "integrity": "sha512-V/Hy/X9Vt7f3BbPJEi8BdVFMByHi+jNXrYkW3huaybV/kQ0KJg0Y6PkEMbn+zeT+i+SiKZ/HMqJGIIt4LZDqNQ=="
    }
  }
}
